
Microsoft Visual Studio Solution File, Format Version 12.00
# Visual Studio Version 17
VisualStudioVersion = 17.5.002.0
MinimumVisualStudioVersion = 10.0.40219.1
Project("{9A19103F-16F7-4668-BE54-9A1E7A4F7556}") = "Galaxy", "Galaxy.csproj", "{D64D4FCC-5D74-4BD7-82EB-3D043138979C}"
EndProject
Global
	GlobalSection(SolutionConfigurationPlatforms) = preSolution
		Debug|Any CPU = Debug|Any CPU
		Release|Any CPU = Release|Any CPU
	EndGlobalSection
	GlobalSection(ProjectConfigurationPlatforms) = postSolution
		{D64D4FCC-5D74-4BD7-82EB-3D043138979C}.Debug|Any CPU.ActiveCfg = Debug|Any CPU
		{D64D4FCC-5D74-4BD7-82EB-3D043138979C}.Debug|Any CPU.Build.0 = Debug|Any CPU
		{D64D4FCC-5D74-4BD7-82EB-3D043138979C}.Release|Any CPU.ActiveCfg = Release|Any CPU
		{D64D4FCC-5D74-4BD7-82EB-3D043138979C}.Release|Any CPU.Build.0 = Release|Any CPU
	EndGlobalSection
	GlobalSection(SolutionProperties) = preSolution
		HideSolutionNode = FALSE
	EndGlobalSection
	GlobalSection(ExtensibilityGlobals) = postSolution
		SolutionGuid = {AC3B2200-B09F-4BEE-94DA-4A5FBE340F88}
	EndGlobalSection
EndGlobal
